
Microsoft Visual Studio Solution File, Format Version 12.00
# Visual Studio Version 17
VisualStudioVersion = 17.14.36518.9 d17.14
MinimumVisualStudioVersion = 10.0.40219.1
Project("{FAE04EC0-301F-11D3-BF4B-00C04F79EFBC}") = "ASSIGNMENT2_LINQdemo", "ASSIGNMENT2_LINQdemo\ASSIGNMENT2_LINQdemo.csproj", "{BE3EF870-FC3A-4C4B-857F-5360929863A4}"
EndProject
Global
	GlobalSection(SolutionConfigurationPlatforms) = preSolution
		Debug|Any CPU = Debug|Any CPU
		Release|Any CPU = Release|Any CPU
	EndGlobalSection
	GlobalSection(ProjectConfigurationPlatforms) = postSolution
		{BE3EF870-FC3A-4C4B-857F-5360929863A4}.Debug|Any CPU.ActiveCfg = Debug|Any CPU
		{BE3EF870-FC3A-4C4B-857F-5360929863A4}.Debug|Any CPU.Build.0 = Debug|Any CPU
		{BE3EF870-FC3A-4C4B-857F-5360929863A4}.Release|Any CPU.ActiveCfg = Release|Any CPU
		{BE3EF870-FC3A-4C4B-857F-5360929863A4}.Release|Any CPU.Build.0 = Release|Any CPU
	EndGlobalSection
	GlobalSection(SolutionProperties) = preSolution
		HideSolutionNode = FALSE
	EndGlobalSection
	GlobalSection(ExtensibilityGlobals) = postSolution
		SolutionGuid = {AD38D4E0-0164-46CA-A169-3DFF73EC7A36}
	EndGlobalSection
EndGlobal
